
Microsoft Visual Studio Solution File, Format Version 12.00
# Visual Studio Version 16
VisualStudioVersion = 16.0.31129.286
MinimumVisualStudioVersion = 10.0.40219.1
Project("{9A19103F-16F7-4668-BE54-9A1E7A4F7556}") = "eGertis", "eGertis.csproj", "{FCB5BAB2-D789-49B7-A197-9F798D5E1058}"
EndProject
Global
	GlobalSection(SolutionConfigurationPlatforms) = preSolution
		Debug|Any CPU = Debug|Any CPU
		Release|Any CPU = Release|Any CPU
	EndGlobalSection
	GlobalSection(ProjectConfigurationPlatforms) = postSolution
		{FCB5BAB2-D789-49B7-A197-9F798D5E1058}.Debug|Any CPU.ActiveCfg = Debug|Any CPU
		{FCB5BAB2-D789-49B7-A197-9F798D5E1058}.Debug|Any CPU.Build.0 = Debug|Any CPU
		{FCB5BAB2-D789-49B7-A197-9F798D5E1058}.Release|Any CPU.ActiveCfg = Release|Any CPU
		{FCB5BAB2-D789-49B7-A197-9F798D5E1058}.Release|Any CPU.Build.0 = Release|Any CPU
	EndGlobalSection
	GlobalSection(SolutionProperties) = preSolution
		HideSolutionNode = FALSE
	EndGlobalSection
	GlobalSection(ExtensibilityGlobals) = postSolution
		SolutionGuid = {AA1FF85D-328C-4504-8A0A-6A8E872E60A6}
	EndGlobalSection
EndGlobal
